
Microsoft Visual Studio Solution File, Format Version 12.00
# Visual Studio Version 16
VisualStudioVersion = 16.0.34114.132
MinimumVisualStudioVersion = 10.0.40219.1
Project("{FAE04EC0-301F-11D3-BF4B-00C04F79EFBC}") = "StudentEnrollmentSystemClientApp", "StudentEnrollmentSystemClientApp\StudentEnrollmentSystemClientApp.csproj", "{94CBADB2-1541-45CB-8C76-8706FFBC851C}"
EndProject
Global
	GlobalSection(SolutionConfigurationPlatforms) = preSolution
		Debug|Any CPU = Debug|Any CPU
		Release|Any CPU = Release|Any CPU
	EndGlobalSection
	GlobalSection(ProjectConfigurationPlatforms) = postSolution
		{94CBADB2-1541-45CB-8C76-8706FFBC851C}.Debug|Any CPU.ActiveCfg = Debug|Any CPU
		{94CBADB2-1541-45CB-8C76-8706FFBC851C}.Debug|Any CPU.Build.0 = Debug|Any CPU
		{94CBADB2-1541-45CB-8C76-8706FFBC851C}.Release|Any CPU.ActiveCfg = Release|Any CPU
		{94CBADB2-1541-45CB-8C76-8706FFBC851C}.Release|Any CPU.Build.0 = Release|Any CPU
	EndGlobalSection
	GlobalSection(SolutionProperties) = preSolution
		HideSolutionNode = FALSE
	EndGlobalSection
	GlobalSection(ExtensibilityGlobals) = postSolution
		SolutionGuid = {046F3DEC-2519-403D-808C-F1F25D0BAC45}
	EndGlobalSection
EndGlobal
